
Microsoft Visual Studio Solution File, Format Version 12.00
# Visual Studio Version 16
VisualStudioVersion = 16.0.29306.81
MinimumVisualStudioVersion = 10.0.40219.1
Project("{FAE04EC0-301F-11D3-BF4B-00C04F79EFBC}") = "CadastroProduto", "CadastroProduto\CadastroProduto.csproj", "{BB8C8A28-F646-44DF-B467-7B1F6191CF27}"
EndProject
Global
	GlobalSection(SolutionConfigurationPlatforms) = preSolution
		Debug|Any CPU = Debug|Any CPU
		Release|Any CPU = Release|Any CPU
	EndGlobalSection
	GlobalSection(ProjectConfigurationPlatforms) = postSolution
		{BB8C8A28-F646-44DF-B467-7B1F6191CF27}.Debug|Any CPU.ActiveCfg = Debug|Any CPU
		{BB8C8A28-F646-44DF-B467-7B1F6191CF27}.Debug|Any CPU.Build.0 = Debug|Any CPU
		{BB8C8A28-F646-44DF-B467-7B1F6191CF27}.Release|Any CPU.ActiveCfg = Release|Any CPU
		{BB8C8A28-F646-44DF-B467-7B1F6191CF27}.Release|Any CPU.Build.0 = Release|Any CPU
	EndGlobalSection
	GlobalSection(SolutionProperties) = preSolution
		HideSolutionNode = FALSE
	EndGlobalSection
	GlobalSection(ExtensibilityGlobals) = postSolution
		SolutionGuid = {4F12CCE9-32F9-408C-87E7-DE5569C9F336}
	EndGlobalSection
EndGlobal
